// !$*UTF8*$!
{
	archiveVersion = 1;
	classes = {
	};
	objectVersion = 46;
	objects = {

/* Begin PBXBuildFile section */
		46E660801C071A3400E48D0F /* AppDelegate.swift in Sources */ = {isa = PBXBuildFile; fileRef = 46E6607F1C071A3400E48D0F /* AppDelegate.swift */; };
		46E660821C071A3400E48D0F /* ViewController.swift in Sources */ = {isa = PBXBuildFile; fileRef = 46E660811C071A3400E48D0F /* ViewController.swift */; };
		46E660851C071A3400E48D0F /* Main.storyboard in Resources */ = {isa = PBXBuildFile; fileRef = 46E660831C071A3400E48D0F /* Main.storyboard */; };
		46E660871C071A3400E48D0F /* Assets.xcassets in Resources */ = {isa = PBXBuildFile; fileRef = 46E660861C071A3400E48D0F /* Assets.xcassets */; };
		46E6608A1C071A3400E48D0F /* LaunchScreen.storyboard in Resources */ = {isa = PBXBuildFile; fileRef = 46E660881C071A3400E48D0F /* LaunchScreen.storyboard */; };
		46E660951C071A3400E48D0F /* SIOSocket_SwiftTests.swift in Sources */ = {isa = PBXBuildFile; fileRef = 46E660941C071A3400E48D0F /* SIOSocket_SwiftTests.swift */; };
		46E660A01C071A3400E48D0F /* SIOSocket_SwiftUITests.swift in Sources */ = {isa = PBXBuildFile; fileRef = 46E6609F1C071A3400E48D0F /* SIOSocket_SwiftUITests.swift */; };
		46E660AE1C071B9300E48D0F /* SlackTextViewController.framework in Frameworks */ = {isa = PBXBuildFile; fileRef = 46E660AD1C071B9300E48D0F /* SlackTextViewController.framework */; };
		46E660AF1C071B9300E48D0F /* SlackTextViewController.framework in Embed Frameworks */ = {isa = PBXBuildFile; fileRef = 46E660AD1C071B9300E48D0F /* SlackTextViewController.framework */; settings = {ATTRIBUTES = (CodeSignOnCopy, RemoveHeadersOnCopy, ); }; };
		46E660B31C071C8600E48D0F /* SIOSocket.swift in Sources */ = {isa = PBXBuildFile; fileRef = 46E660B21C071C8600E48D0F /* SIOSocket.swift */; };
		46E660B51C071CEF00E48D0F /* JavaScriptCore.framework in Frameworks */ = {isa = PBXBuildFile; fileRef = 46E660B41C071CEF00E48D0F /* JavaScriptCore.framework */; };
		46E660B81C08468700E48D0F /* Consts.swift in Sources */ = {isa = PBXBuildFile; fileRef = 46E660B71C08468700E48D0F /* Consts.swift */; };
		46E660C01C09815E00E48D0F /* Cell.xib in Resources */ = {isa = PBXBuildFile; fileRef = 46E660BF1C09815E00E48D0F /* Cell.xib */; };
/* End PBXBuildFile section */

/* Begin PBXContainerItemProxy section */
		46E660911C071A3400E48D0F /* PBXContainerItemProxy */ = {
			isa = PBXContainerItemProxy;
			containerPortal = 46E660741C071A3400E48D0F /* Project object */;
			proxyType = 1;
			remoteGlobalIDString = 46E6607B1C071A3400E48D0F;
			remoteInfo = "SIOSocket-Swift";
		};
		46E6609C1C071A3400E48D0F /* PBXContainerItemProxy */ = {
			isa = PBXContainerItemProxy;
			containerPortal = 46E660741C071A3400E48D0F /* Project object */;
			proxyType = 1;
			remoteGlobalIDString = 46E6607B1C071A3400E48D0F;
			remoteInfo = "SIOSocket-Swift";
		};
/* End PBXContainerItemProxy section */

/* Begin PBXCopyFilesBuildPhase section */
		46E660B01C071B9300E48D0F /* Embed Frameworks */ = {
			isa = PBXCopyFilesBuildPhase;
			buildActionMask = 2147483647;
			dstPath = "";
			dstSubfolderSpec = 10;
			files = (
				46E660AF1C071B9300E48D0F /* SlackTextViewController.framework in Embed Frameworks */,
			);
			name = "Embed Frameworks";
			runOnlyForDeploymentPostprocessing = 0;
		};
/* End PBXCopyFilesBuildPhase section */

/* Begin PBXFileReference section */
		46E6607C1C071A3400E48D0F /* SIOSocket-Swift.app */ = {isa = PBXFileReference; explicitFileType = wrapper.application; includeInIndex = 0; path = "SIOSocket-Swift.app"; sourceTree = BUILT_PRODUCTS_DIR; };
		46E6607F1C071A3400E48D0F /* AppDelegate.swift */ = {isa = PBXFileReference; lastKnownFileType = sourcecode.swift; path = AppDelegate.swift; sourceTree = "<group>"; };
		46E660811C071A3400E48D0F /* ViewController.swift */ = {isa = PBXFileReference; lastKnownFileType = sourcecode.swift; path = ViewController.swift; sourceTree = "<group>"; };
		46E660841C071A3400E48D0F /* Base */ = {isa = PBXFileReference; lastKnownFileType = file.storyboard; name = Base; path = Base.lproj/Main.storyboard; sourceTree = "<group>"; };
		46E660861C071A3400E48D0F /* Assets.xcassets */ = {isa = PBXFileReference; lastKnownFileType = folder.assetcatalog; path = Assets.xcassets; sourceTree = "<group>"; };
		46E660891C071A3400E48D0F /* Base */ = {isa = PBXFileReference; lastKnownFileType = file.storyboard; name = Base; path = Base.lproj/LaunchScreen.storyboard; sourceTree = "<group>"; };
		46E6608B1C071A3400E48D0F /* Info.plist */ = {isa = PBXFileReference; lastKnownFileType = text.plist.xml; path = Info.plist; sourceTree = "<group>"; };
		46E660901C071A3400E48D0F /* SIOSocket-SwiftTests.xctest */ = {isa = PBXFileReference; explicitFileType = wrapper.cfbundle; includeInIndex = 0; path = "SIOSocket-SwiftTests.xctest"; sourceTree = BUILT_PRODUCTS_DIR; };
		46E660941C071A3400E48D0F /* SIOSocket_SwiftTests.swift */ = {isa = PBXFileReference; lastKnownFileType = sourcecode.swift; path = SIOSocket_SwiftTests.swift; sourceTree = "<group>"; };
		46E660961C071A3400E48D0F /* Info.plist */ = {isa = PBXFileReference; lastKnownFileType = text.plist.xml; path = Info.plist; sourceTree = "<group>"; };
		46E6609B1C071A3400E48D0F /* SIOSocket-SwiftUITests.xctest */ = {isa = PBXFileReference; explicitFileType = wrapper.cfbundle; includeInIndex = 0; path = "SIOSocket-SwiftUITests.xctest"; sourceTree = BUILT_PRODUCTS_DIR; };
		46E6609F1C071A3400E48D0F /* SIOSocket_SwiftUITests.swift */ = {isa = PBXFileReference; lastKnownFileType = sourcecode.swift; path = SIOSocket_SwiftUITests.swift; sourceTree = "<group>"; };
		46E660A11C071A3400E48D0F /* Info.plist */ = {isa = PBXFileReference; lastKnownFileType = text.plist.xml; path = Info.plist; sourceTree = "<group>"; };
		46E660AD1C071B9300E48D0F /* SlackTextViewController.framework */ = {isa = PBXFileReference; lastKnownFileType = wrapper.framework; name = SlackTextViewController.framework; path = Carthage/Build/iOS/SlackTextViewController.framework; sourceTree = "<group>"; };
		46E660B21C071C8600E48D0F /* SIOSocket.swift */ = {isa = PBXFileReference; fileEncoding = 4; lastKnownFileType = sourcecode.swift; path = SIOSocket.swift; sourceTree = "<group>"; };
		46E660B41C071CEF00E48D0F /* JavaScriptCore.framework */ = {isa = PBXFileReference; lastKnownFileType = wrapper.framework; name = JavaScriptCore.framework; path = System/Library/Frameworks/JavaScriptCore.framework; sourceTree = SDKROOT; };
		46E660B61C07474400E48D0F /* SIOSocket-Swift_Bridging-Header.h */ = {isa = PBXFileReference; lastKnownFileType = sourcecode.c.h; path = "SIOSocket-Swift_Bridging-Header.h"; sourceTree = "<group>"; };
		46E660B71C08468700E48D0F /* Consts.swift */ = {isa = PBXFileReference; fileEncoding = 4; lastKnownFileType = sourcecode.swift; path = Consts.swift; sourceTree = "<group>"; };
		46E660BF1C09815E00E48D0F /* Cell.xib */ = {isa = PBXFileReference; fileEncoding = 4; lastKnownFileType = file.xib; path = Cell.xib; sourceTree = "<group>"; };
/* End PBXFileReference section */

/* Begin PBXFrameworksBuildPhase section */
		46E660791C071A3400E48D0F /* Frameworks */ = {
			isa = PBXFrameworksBuildPhase;
			buildActionMask = 2147483647;
			files = (
				46E660B51C071CEF00E48D0F /* JavaScriptCore.framework in Frameworks */,
				46E660AE1C071B9300E48D0F /* SlackTextViewController.framework in Frameworks */,
			);
			runOnlyForDeploymentPostprocessing = 0;
		};
		46E6608D1C071A3400E48D0F /* Frameworks */ = {
			isa = PBXFrameworksBuildPhase;
			buildActionMask = 2147483647;
			files = (
			);
			runOnlyForDeploymentPostprocessing = 0;
		};
		46E660981C071A3400E48D0F /* Frameworks */ = {
			isa = PBXFrameworksBuildPhase;
			buildActionMask = 2147483647;
			files = (
			);
			runOnlyForDeploymentPostprocessing = 0;
		};
/* End PBXFrameworksBuildPhase section */

/* Begin PBXGroup section */
		46E660731C071A3400E48D0F = {
			isa = PBXGroup;
			children = (
				46E660B41C071CEF00E48D0F /* JavaScriptCore.framework */,
				46E660AD1C071B9300E48D0F /* SlackTextViewController.framework */,
				46E6607E1C071A3400E48D0F /* SIOSocket-Swift */,
				46E660931C071A3400E48D0F /* SIOSocket-SwiftTests */,
				46E6609E1C071A3400E48D0F /* SIOSocket-SwiftUITests */,
				46E6607D1C071A3400E48D0F /* Products */,
			);
			sourceTree = "<group>";
		};
		46E6607D1C071A3400E48D0F /* Products */ = {
			isa = PBXGroup;
			children = (
				46E6607C1C071A3400E48D0F /* SIOSocket-Swift.app */,
				46E660901C071A3400E48D0F /* SIOSocket-SwiftTests.xctest */,
				46E6609B1C071A3400E48D0F /* SIOSocket-SwiftUITests.xctest */,
			);
			name = Products;
			sourceTree = "<group>";
		};
		46E6607E1C071A3400E48D0F /* SIOSocket-Swift */ = {
			isa = PBXGroup;
			children = (
				46E660B61C07474400E48D0F /* SIOSocket-Swift_Bridging-Header.h */,
				46E660B11C071C4C00E48D0F /* Sources */,
				46E6607F1C071A3400E48D0F /* AppDelegate.swift */,
				46E660811C071A3400E48D0F /* ViewController.swift */,
				46E660831C071A3400E48D0F /* Main.storyboard */,
				46E660BF1C09815E00E48D0F /* Cell.xib */,
				46E660861C071A3400E48D0F /* Assets.xcassets */,
				46E660881C071A3400E48D0F /* LaunchScreen.storyboard */,
				46E6608B1C071A3400E48D0F /* Info.plist */,
			);
			path = "SIOSocket-Swift";
			sourceTree = "<group>";
		};
		46E660931C071A3400E48D0F /* SIOSocket-SwiftTests */ = {
			isa = PBXGroup;
			children = (
				46E660941C071A3400E48D0F /* SIOSocket_SwiftTests.swift */,
				46E660961C071A3400E48D0F /* Info.plist */,
			);
			path = "SIOSocket-SwiftTests";
			sourceTree = "<group>";
		};
		46E6609E1C071A3400E48D0F /* SIOSocket-SwiftUITests */ = {
			isa = PBXGroup;
			children = (
				46E6609F1C071A3400E48D0F /* SIOSocket_SwiftUITests.swift */,
				46E660A11C071A3400E48D0F /* Info.plist */,
			);
			path = "SIOSocket-SwiftUITests";
			sourceTree = "<group>";
		};
		46E660B11C071C4C00E48D0F /* Sources */ = {
			isa = PBXGroup;
			children = (
				46E660B21C071C8600E48D0F /* SIOSocket.swift */,
				46E660B71C08468700E48D0F /* Consts.swift */,
			);
			path = Sources;
			sourceTree = "<group>";
		};
/* End PBXGroup section */

/* Begin PBXNativeTarget section */
		46E6607B1C071A3400E48D0F /* SIOSocket-Swift */ = {
			isa = PBXNativeTarget;
			buildConfigurationList = 46E660A41C071A3400E48D0F /* Build configuration list for PBXNativeTarget "SIOSocket-Swift" */;
			buildPhases = (
				46E660781C071A3400E48D0F /* Sources */,
				46E660791C071A3400E48D0F /* Frameworks */,
				46E6607A1C071A3400E48D0F /* Resources */,
				46E660B01C071B9300E48D0F /* Embed Frameworks */,
			);
			buildRules = (
			);
			dependencies = (
			);
			name = "SIOSocket-Swift";
			productName = "SIOSocket-Swift";
			productReference = 46E6607C1C071A3400E48D0F /* SIOSocket-Swift.app */;
			productType = "com.apple.product-type.application";
		};
		46E6608F1C071A3400E48D0F /* SIOSocket-SwiftTests */ = {
			isa = PBXNativeTarget;
			buildConfigurationList = 46E660A71C071A3400E48D0F /* Build configuration list for PBXNativeTarget "SIOSocket-SwiftTests" */;
			buildPhases = (
				46E6608C1C071A3400E48D0F /* Sources */,
				46E6608D1C071A3400E48D0F /* Frameworks */,
				46E6608E1C071A3400E48D0F /* Resources */,
			);
			buildRules = (
			);
			dependencies = (
				46E660921C071A3400E48D0F /* PBXTargetDependency */,
			);
			name = "SIOSocket-SwiftTests";
			productName = "SIOSocket-SwiftTests";
			productReference = 46E660901C071A3400E48D0F /* SIOSocket-SwiftTests.xctest */;
			productType = "com.apple.product-type.bundle.unit-test";
		};
		46E6609A1C071A3400E48D0F /* SIOSocket-SwiftUITests */ = {
			isa = PBXNativeTarget;
			buildConfigurationList = 46E660AA1C071A3400E48D0F /* Build configuration list for PBXNativeTarget "SIOSocket-SwiftUITests" */;
			buildPhases = (
				46E660971C071A3400E48D0F /* Sources */,
				46E660981C071A3400E48D0F /* Frameworks */,
				46E660991C071A3400E48D0F /* Resources */,
			);
			buildRules = (
			);
			dependencies = (
				46E6609D1C071A3400E48D0F /* PBXTargetDependency */,
			);
			name = "SIOSocket-SwiftUITests";
			productName = "SIOSocket-SwiftUITests";
			productReference = 46E6609B1C071A3400E48D0F /* SIOSocket-SwiftUITests.xctest */;
			productType = "com.apple.product-type.bundle.ui-testing";
		};
/* End PBXNativeTarget section */

/* Begin PBXProject section */
		46E660741C071A3400E48D0F /* Project object */ = {
			isa = PBXProject;
			attributes = {
				LastSwiftUpdateCheck = 0710;
				LastUpgradeCheck = 0710;
				ORGANIZATIONNAME = mitolab;
				TargetAttributes = {
					46E6607B1C071A3400E48D0F = {
						CreatedOnToolsVersion = 7.1.1;
					};
					46E6608F1C071A3400E48D0F = {
						CreatedOnToolsVersion = 7.1.1;
						TestTargetID = 46E6607B1C071A3400E48D0F;
					};
					46E6609A1C071A3400E48D0F = {
						CreatedOnToolsVersion = 7.1.1;
						TestTargetID = 46E6607B1C071A3400E48D0F;
					};
				};
			};
			buildConfigurationList = 46E660771C071A3400E48D0F /* Build configuration list for PBXProject "SIOSocket-Swift" */;
			compatibilityVersion = "Xcode 3.2";
			developmentRegion = English;
			hasScannedForEncodings = 0;
			knownRegions = (
				en,
				Base,
			);
			mainGroup = 46E660731C071A3400E48D0F;
			productRefGroup = 46E6607D1C071A3400E48D0F /* Products */;
			projectDirPath = "";
			projectRoot = "";
			targets = (
				46E6607B1C071A3400E48D0F /* SIOSocket-Swift */,
				46E6608F1C071A3400E48D0F /* SIOSocket-SwiftTests */,
				46E6609A1C071A3400E48D0F /* SIOSocket-SwiftUITests */,
			);
		};
/* End PBXProject section */

/* Begin PBXResourcesBuildPhase section */
		46E6607A1C071A3400E48D0F /* Resources */ = {
			isa = PBXResourcesBuildPhase;
			buildActionMask = 2147483647;
			files = (
				46E6608A1C071A3400E48D0F /* LaunchScreen.storyboard in Resources */,
				46E660C01C09815E00E48D0F /* Cell.xib in Resources */,
				46E660871C071A3400E48D0F /* Assets.xcassets in Resources */,
				46E660851C071A3400E48D0F /* Main.storyboard in Resources */,
			);
			runOnlyForDeploymentPostprocessing = 0;
		};
		46E6608E1C071A3400E48D0F /* Resources */ = {
			isa = PBXResourcesBuildPhase;
			buildActionMask = 2147483647;
			files = (
			);
			runOnlyForDeploymentPostprocessing = 0;
		};
		46E660991C071A3400E48D0F /* Resources */ = {
			isa = PBXResourcesBuildPhase;
			buildActionMask = 2147483647;
			files = (
			);
			runOnlyForDeploymentPostprocessing = 0;
		};
/* End PBXResourcesBuildPhase section */

/* Begin PBXSourcesBuildPhase section */
		46E660781C071A3400E48D0F /* Sources */ = {
			isa = PBXSourcesBuildPhase;
			buildActionMask = 2147483647;
			files = (
				46E660821C071A3400E48D0F /* ViewController.swift in Sources */,
				46E660B81C08468700E48D0F /* Consts.swift in Sources */,
				46E660801C071A3400E48D0F /* AppDelegate.swift in Sources */,
				46E660B31C071C8600E48D0F /* SIOSocket.swift in Sources */,
			);
			runOnlyForDeploymentPostprocessing = 0;
		};
		46E6608C1C071A3400E48D0F /* Sources */ = {
			isa = PBXSourcesBuildPhase;
			buildActionMask = 2147483647;
			files = (
				46E660951C071A3400E48D0F /* SIOSocket_SwiftTests.swift in Sources */,
			);
			runOnlyForDeploymentPostprocessing = 0;
		};
		46E660971C071A3400E48D0F /* Sources */ = {
			isa = PBXSourcesBuildPhase;
			buildActionMask = 2147483647;
			files = (
				46E660A01C071A3400E48D0F /* SIOSocket_SwiftUITests.swift in Sources */,
			);
			runOnlyForDeploymentPostprocessing = 0;
		};
/* End PBXSourcesBuildPhase section */

/* Begin PBXTargetDependency section */
		46E660921C071A3400E48D0F /* PBXTargetDependency */ = {
			isa = PBXTargetDependency;
			target = 46E6607B1C071A3400E48D0F /* SIOSocket-Swift */;
			targetProxy = 46E660911C071A3400E48D0F /* PBXContainerItemProxy */;
		};
		46E6609D1C071A3400E48D0F /* PBXTargetDependency */ = {
			isa = PBXTargetDependency;
			target = 46E6607B1C071A3400E48D0F /* SIOSocket-Swift */;
			targetProxy = 46E6609C1C071A3400E48D0F /* PBXContainerItemProxy */;
		};
/* End PBXTargetDependency section */

/* Begin PBXVariantGroup section */
		46E660831C071A3400E48D0F /* Main.storyboard */ = {
			isa = PBXVariantGroup;
			children = (
				46E660841C071A3400E48D0F /* Base */,
			);
			name = Main.storyboard;
			sourceTree = "<group>";
		};
		46E660881C071A3400E48D0F /* LaunchScreen.storyboard */ = {
			isa = PBXVariantGroup;
			children = (
				46E660891C071A3400E48D0F /* Base */,
			);
			name = LaunchScreen.storyboard;
			sourceTree = "<group>";
		};
/* End PBXVariantGroup section */

/* Begin XCBuildConfiguration section */
		46E660A21C071A3400E48D0F /* Debug */ = {
			isa = XCBuildConfiguration;
			buildSettings = {
				ALWAYS_SEARCH_USER_PATHS = NO;
				CLANG_CXX_LANGUAGE_STANDARD = "gnu++0x";
				CLANG_CXX_LIBRARY = "libc++";
				CLANG_ENABLE_MODULES = YES;
				CLANG_ENABLE_OBJC_ARC = YES;
				CLANG_WARN_BOOL_CONVERSION = YES;
				CLANG_WARN_CONSTANT_CONVERSION = YES;
				CLANG_WARN_DIRECT_OBJC_ISA_USAGE = YES_ERROR;
				CLANG_WARN_EMPTY_BODY = YES;
				CLANG_WARN_ENUM_CONVERSION = YES;
				CLANG_WARN_INT_CONVERSION = YES;
				CLANG_WARN_OBJC_ROOT_CLASS = YES_ERROR;
				CLANG_WARN_UNREACHABLE_CODE = YES;
				CLANG_WARN__DUPLICATE_METHOD_MATCH = YES;
				"CODE_SIGN_IDENTITY[sdk=iphoneos*]" = "iPhone Developer";
				COPY_PHASE_STRIP = NO;
				DEBUG_INFORMATION_FORMAT = dwarf;
				ENABLE_STRICT_OBJC_MSGSEND = YES;
				ENABLE_TESTABILITY = YES;
				GCC_C_LANGUAGE_STANDARD = gnu99;
				GCC_DYNAMIC_NO_PIC = NO;
				GCC_NO_COMMON_BLOCKS = YES;
				GCC_OPTIMIZATION_LEVEL = 0;
				GCC_PREPROCESSOR_DEFINITIONS = (
					"DEBUG=1",
					"$(inherited)",
				);
				GCC_WARN_64_TO_32_BIT_CONVERSION = YES;
				GCC_WARN_ABOUT_RETURN_TYPE = YES_ERROR;
				GCC_WARN_UNDECLARED_SELECTOR = YES;
				GCC_WARN_UNINITIALIZED_AUTOS = YES_AGGRESSIVE;
				GCC_WARN_UNUSED_FUNCTION = YES;
				GCC_WARN_UNUSED_VARIABLE = YES;
				IPHONEOS_DEPLOYMENT_TARGET = 9.1;
				MTL_ENABLE_DEBUG_INFO = YES;
				ONLY_ACTIVE_ARCH = YES;
				SDKROOT = iphoneos;
				SWIFT_OPTIMIZATION_LEVEL = "-Onone";
				TARGETED_DEVICE_FAMILY = "1,2";
			};
			name = Debug;
		};
		46E660A31C071A3400E48D0F /* Release */ = {
			isa = XCBuildConfiguration;
			buildSettings = {
				ALWAYS_SEARCH_USER_PATHS = NO;
				CLANG_CXX_LANGUAGE_STANDARD = "gnu++0x";
				CLANG_CXX_LIBRARY = "libc++";
				CLANG_ENABLE_MODULES = YES;
				CLANG_ENABLE_OBJC_ARC = YES;
				CLANG_WARN_BOOL_CONVERSION = YES;
				CLANG_WARN_CONSTANT_CONVERSION = YES;
				CLANG_WARN_DIRECT_OBJC_ISA_USAGE = YES_ERROR;
				CLANG_WARN_EMPTY_BODY = YES;
				CLANG_WARN_ENUM_CONVERSION = YES;
				CLANG_WARN_INT_CONVERSION = YES;
				CLANG_WARN_OBJC_ROOT_CLASS = YES_ERROR;
				CLANG_WARN_UNREACHABLE_CODE = YES;
				CLANG_WARN__DUPLICATE_METHOD_MATCH = YES;
				"CODE_SIGN_IDENTITY[sdk=iphoneos*]" = "iPhone Developer";
				COPY_PHASE_STRIP = NO;
				DEBUG_INFORMATION_FORMAT = "dwarf-with-dsym";
				ENABLE_NS_ASSERTIONS = NO;
				ENABLE_STRICT_OBJC_MSGSEND = YES;
				GCC_C_LANGUAGE_STANDARD = gnu99;
				GCC_NO_COMMON_BLOCKS = YES;
				GCC_WARN_64_TO_32_BIT_CONVERSION = YES;
				GCC_WARN_ABOUT_RETURN_TYPE = YES_ERROR;
				GCC_WARN_UNDECLARED_SELECTOR = YES;
				GCC_WARN_UNINITIALIZED_AUTOS = YES_AGGRESSIVE;
				GCC_WARN_UNUSED_FUNCTION = YES;
				GCC_WARN_UNUSED_VARIABLE = YES;
				IPHONEOS_DEPLOYMENT_TARGET = 9.1;
				MTL_ENABLE_DEBUG_INFO = NO;
				SDKROOT = iphoneos;
				TARGETED_DEVICE_FAMILY = "1,2";
				VALIDATE_PRODUCT = YES;
			};
			name = Release;
		};
		46E660A51C071A3400E48D0F /* Debug */ = {
			isa = XCBuildConfiguration;
			buildSettings = {
				ASSETCATALOG_COMPILER_APPICON_NAME = AppIcon;
				FRAMEWORK_SEARCH_PATHS = (
					"$(inherited)",
					"$(PROJECT_DIR)/Carthage/Build/iOS",
				);
				INFOPLIST_FILE = "SIOSocket-Swift/Info.plist";
				IPHONEOS_DEPLOYMENT_TARGET = 8.0;
				LD_RUNPATH_SEARCH_PATHS = "$(inherited) @executable_path/Frameworks";
				PRODUCT_BUNDLE_IDENTIFIER = "co.mitolab.SIOSocket-Swift";
				PRODUCT_NAME = "$(TARGET_NAME)";
				SWIFT_OBJC_BRIDGING_HEADER = "SIOSocket-Swift/SIOSocket-Swift_Bridging-Header.h";
			};
			name = Debug;
		};
		46E660A61C071A3400E48D0F /* Release */ = {
			isa = XCBuildConfiguration;
			buildSettings = {
				ASSETCATALOG_COMPILER_APPICON_NAME = AppIcon;
				FRAMEWORK_SEARCH_PATHS = (
					"$(inherited)",
					"$(PROJECT_DIR)/Carthage/Build/iOS",
				);
				INFOPLIST_FILE = "SIOSocket-Swift/Info.plist";
				IPHONEOS_DEPLOYMENT_TARGET = 8.0;
				LD_RUNPATH_SEARCH_PATHS = "$(inherited) @executable_path/Frameworks";
				PRODUCT_BUNDLE_IDENTIFIER = "co.mitolab.SIOSocket-Swift";
				PRODUCT_NAME = "$(TARGET_NAME)";
				SWIFT_OBJC_BRIDGING_HEADER = "SIOSocket-Swift/SIOSocket-Swift_Bridging-Header.h";
			};
			name = Release;
		};
		46E660A81C071A3400E48D0F /* Debug */ = {
			isa = XCBuildConfiguration;
			buildSettings = {
				BUNDLE_LOADER = "$(TEST_HOST)";
				INFOPLIST_FILE = "SIOSocket-SwiftTests/Info.plist";
				LD_RUNPATH_SEARCH_PATHS = "$(inherited) @executable_path/Frameworks @loader_path/Frameworks";
				PRODUCT_BUNDLE_IDENTIFIER = "co.mitolab.SIOSocket-SwiftTests";
				PRODUCT_NAME = "$(TARGET_NAME)";
				TEST_HOST = "$(BUILT_PRODUCTS_DIR)/SIOSocket-Swift.app/SIOSocket-Swift";
			};
			name = Debug;
		};
		46E660A91C071A3400E48D0F /* Release */ = {
			isa = XCBuildConfiguration;
			buildSettings = {
				BUNDLE_LOADER = "$(TEST_HOST)";
				INFOPLIST_FILE = "SIOSocket-SwiftTests/Info.plist";
				LD_RUNPATH_SEARCH_PATHS = "$(inherited) @executable_path/Frameworks @loader_path/Frameworks";
				PRODUCT_BUNDLE_IDENTIFIER = "co.mitolab.SIOSocket-SwiftTests";
				PRODUCT_NAME = "$(TARGET_NAME)";
				TEST_HOST = "$(BUILT_PRODUCTS_DIR)/SIOSocket-Swift.app/SIOSocket-Swift";
			};
			name = Release;
		};
		46E660AB1C071A3400E48D0F /* Debug */ = {
			isa = XCBuildConfiguration;
			buildSettings = {
				INFOPLIST_FILE = "SIOSocket-SwiftUITests/Info.plist";
				LD_RUNPATH_SEARCH_PATHS = "$(inherited) @executable_path/Frameworks @loader_path/Frameworks";
				PRODUCT_BUNDLE_IDENTIFIER = "co.mitolab.SIOSocket-SwiftUITests";
				PRODUCT_NAME = "$(TARGET_NAME)";
				TEST_TARGET_NAME = "SIOSocket-Swift";
				USES_XCTRUNNER = YES;
			};
			name = Debug;
		};
		46E660AC1C071A3400E48D0F /* Release */ = {
			isa = XCBuildConfiguration;
			buildSettings = {
				INFOPLIST_FILE = "SIOSocket-SwiftUITests/Info.plist";
				LD_RUNPATH_SEARCH_PATHS = "$(inherited) @executable_path/Frameworks @loader_path/Frameworks";
				PRODUCT_BUNDLE_IDENTIFIER = "co.mitolab.SIOSocket-SwiftUITests";
				PRODUCT_NAME = "$(TARGET_NAME)";
				TEST_TARGET_NAME = "SIOSocket-Swift";
				USES_XCTRUNNER = YES;
			};
			name = Release;
		};
/* End XCBuildConfiguration section */

/* Begin XCConfigurationList section */
		46E660771C071A3400E48D0F /* Build configuration list for PBXProject "SIOSocket-Swift" */ = {
			isa = XCConfigurationList;
			buildConfigurations = (
				46E660A21C071A3400E48D0F /* Debug */,
				46E660A31C071A3400E48D0F /* Release */,
			);
			defaultConfigurationIsVisible = 0;
			defaultConfigurationName = Release;
		};
		46E660A41C071A3400E48D0F /* Build configuration list for PBXNativeTarget "SIOSocket-Swift" */ = {
			isa = XCConfigurationList;
			buildConfigurations = (
				46E660A51C071A3400E48D0F /* Debug */,
				46E660A61C071A3400E48D0F /* Release */,
			);
			defaultConfigurationIsVisible = 0;
			defaultConfigurationName = Release;
		};
		46E660A71C071A3400E48D0F /* Build configuration list for PBXNativeTarget "SIOSocket-SwiftTests" */ = {
			isa = XCConfigurationList;
			buildConfigurations = (
				46E660A81C071A3400E48D0F /* Debug */,
				46E660A91C071A3400E48D0F /* Release */,
			);
			defaultConfigurationIsVisible = 0;
			defaultConfigurationName = Release;
		};
		46E660AA1C071A3400E48D0F /* Build configuration list for PBXNativeTarget "SIOSocket-SwiftUITests" */ = {
			isa = XCConfigurationList;
			buildConfigurations = (
				46E660AB1C071A3400E48D0F /* Debug */,
				46E660AC1C071A3400E48D0F /* Release */,
			);
			defaultConfigurationIsVisible = 0;
			defaultConfigurationName = Release;
		};
/* End XCConfigurationList section */
	};
	rootObject = 46E660741C071A3400E48D0F /* Project object */;
}
